// !$*UTF8*$!
{
	archiveVersion = 1;
	classes = {
	};
	objectVersion = 46;
	objects = {

/* Begin PBXBuildFile section */
		D1398D6E1CB3A864007ACB48 /* main.m in Sources */ = {isa = PBXBuildFile; fileRef = D1398D6D1CB3A864007ACB48 /* main.m */; };
		D1398D711CB3A864007ACB48 /* AppDelegate.m in Sources */ = {isa = PBXBuildFile; fileRef = D1398D701CB3A864007ACB48 /* AppDelegate.m */; };
		D1398D741CB3A864007ACB48 /* ViewController.m in Sources */ = {isa = PBXBuildFile; fileRef = D1398D731CB3A864007ACB48 /* ViewController.m */; };
		D1398D771CB3A864007ACB48 /* Main.storyboard in Resources */ = {isa = PBXBuildFile; fileRef = D1398D751CB3A864007ACB48 /* Main.storyboard */; };
		D1398D791CB3A864007ACB48 /* Assets.xcassets in Resources */ = {isa = PBXBuildFile; fileRef = D1398D781CB3A864007ACB48 /* Assets.xcassets */; };
		D1398D7C1CB3A864007ACB48 /* LaunchScreen.storyboard in Resources */ = {isa = PBXBuildFile; fileRef = D1398D7A1CB3A864007ACB48 /* LaunchScreen.storyboard */; };
		F96705191CF4B80000949412 /* ArrayHelper.m in Sources */ = {isa = PBXBuildFile; fileRef = F96705181CF4B80000949412 /* ArrayHelper.m */; };
		F967051F1CF5FB0200949412 /* MBUser.m in Sources */ = {isa = PBXBuildFile; fileRef = F967051E1CF5FB0200949412 /* MBUser.m */; };
/* End PBXBuildFile section */

/* Begin PBXFileReference section */
		D1398D691CB3A864007ACB48 /* MemoryBook.app */ = {isa = PBXFileReference; explicitFileType = wrapper.application; includeInIndex = 0; path = MemoryBook.app; sourceTree = BUILT_PRODUCTS_DIR; };
		D1398D6D1CB3A864007ACB48 /* main.m */ = {isa = PBXFileReference; lastKnownFileType = sourcecode.c.objc; path = main.m; sourceTree = "<group>"; };
		D1398D6F1CB3A864007ACB48 /* AppDelegate.h */ = {isa = PBXFileReference; lastKnownFileType = sourcecode.c.h; path = AppDelegate.h; sourceTree = "<group>"; };
		D1398D701CB3A864007ACB48 /* AppDelegate.m */ = {isa = PBXFileReference; lastKnownFileType = sourcecode.c.objc; path = AppDelegate.m; sourceTree = "<group>"; };
		D1398D721CB3A864007ACB48 /* ViewController.h */ = {isa = PBXFileReference; lastKnownFileType = sourcecode.c.h; path = ViewController.h; sourceTree = "<group>"; };
		D1398D731CB3A864007ACB48 /* ViewController.m */ = {isa = PBXFileReference; lastKnownFileType = sourcecode.c.objc; path = ViewController.m; sourceTree = "<group>"; };
		D1398D761CB3A864007ACB48 /* Base */ = {isa = PBXFileReference; lastKnownFileType = file.storyboard; name = Base; path = Base.lproj/Main.storyboard; sourceTree = "<group>"; };
		D1398D781CB3A864007ACB48 /* Assets.xcassets */ = {isa = PBXFileReference; lastKnownFileType = folder.assetcatalog; path = Assets.xcassets; sourceTree = "<group>"; };
		D1398D7B1CB3A864007ACB48 /* Base */ = {isa = PBXFileReference; lastKnownFileType = file.storyboard; name = Base; path = Base.lproj/LaunchScreen.storyboard; sourceTree = "<group>"; };
		D1398D7D1CB3A865007ACB48 /* Info.plist */ = {isa = PBXFileReference; lastKnownFileType = text.plist.xml; path = Info.plist; sourceTree = "<group>"; };
		F96705171CF4B80000949412 /* ArrayHelper.h */ = {isa = PBXFileReference; fileEncoding = 4; lastKnownFileType = sourcecode.c.h; path = ArrayHelper.h; sourceTree = "<group>"; };
		F96705181CF4B80000949412 /* ArrayHelper.m */ = {isa = PBXFileReference; fileEncoding = 4; lastKnownFileType = sourcecode.c.objc; path = ArrayHelper.m; sourceTree = "<group>"; };
		F967051A1CF4B86E00949412 /* MacroNotification.h */ = {isa = PBXFileReference; lastKnownFileType = sourcecode.c.h; path = MacroNotification.h; sourceTree = "<group>"; };
		F967051D1CF5FB0200949412 /* MBUser.h */ = {isa = PBXFileReference; fileEncoding = 4; lastKnownFileType = sourcecode.c.h; path = MBUser.h; sourceTree = "<group>"; };
		F967051E1CF5FB0200949412 /* MBUser.m */ = {isa = PBXFileReference; fileEncoding = 4; lastKnownFileType = sourcecode.c.objc; path = MBUser.m; sourceTree = "<group>"; };
/* End PBXFileReference section */

/* Begin PBXFrameworksBuildPhase section */
		D1398D661CB3A864007ACB48 /* Frameworks */ = {
			isa = PBXFrameworksBuildPhase;
			buildActionMask = 2147483647;
			files = (
			);
			runOnlyForDeploymentPostprocessing = 0;
		};
/* End PBXFrameworksBuildPhase section */

/* Begin PBXGroup section */
		D1398D601CB3A864007ACB48 = {
			isa = PBXGroup;
			children = (
				D1398D6B1CB3A864007ACB48 /* MemoryBook */,
				D1398D6A1CB3A864007ACB48 /* Products */,
			);
			sourceTree = "<group>";
		};
		D1398D6A1CB3A864007ACB48 /* Products */ = {
			isa = PBXGroup;
			children = (
				D1398D691CB3A864007ACB48 /* MemoryBook.app */,
			);
			name = Products;
			sourceTree = "<group>";
		};
		D1398D6B1CB3A864007ACB48 /* MemoryBook */ = {
			isa = PBXGroup;
			children = (
				D1398D6F1CB3A864007ACB48 /* AppDelegate.h */,
				D1398D701CB3A864007ACB48 /* AppDelegate.m */,
				D1398D721CB3A864007ACB48 /* ViewController.h */,
				D1398D731CB3A864007ACB48 /* ViewController.m */,
				F967051B1CF5FA9600949412 /* Model */,
				F96705121CF4B75F00949412 /* Common */,
				F96705151CF4B78B00949412 /* Resouce */,
				D1398D751CB3A864007ACB48 /* Main.storyboard */,
				D1398D781CB3A864007ACB48 /* Assets.xcassets */,
				D1398D7A1CB3A864007ACB48 /* LaunchScreen.storyboard */,
				D1398D7D1CB3A865007ACB48 /* Info.plist */,
				D1398D6C1CB3A864007ACB48 /* Supporting Files */,
			);
			path = MemoryBook;
			sourceTree = "<group>";
		};
		D1398D6C1CB3A864007ACB48 /* Supporting Files */ = {
			isa = PBXGroup;
			children = (
				D1398D6D1CB3A864007ACB48 /* main.m */,
			);
			name = "Supporting Files";
			sourceTree = "<group>";
		};
		F96705121CF4B75F00949412 /* Common */ = {
			isa = PBXGroup;
			children = (
				F96705131CF4B75F00949412 /* Helpers */,
				F96705141CF4B75F00949412 /* Macro */,
			);
			path = Common;
			sourceTree = "<group>";
		};
		F96705131CF4B75F00949412 /* Helpers */ = {
			isa = PBXGroup;
			children = (
				F96705171CF4B80000949412 /* ArrayHelper.h */,
				F96705181CF4B80000949412 /* ArrayHelper.m */,
			);
			path = Helpers;
			sourceTree = "<group>";
		};
		F96705141CF4B75F00949412 /* Macro */ = {
			isa = PBXGroup;
			children = (
				F967051A1CF4B86E00949412 /* MacroNotification.h */,
			);
			path = Macro;
			sourceTree = "<group>";
		};
		F96705151CF4B78B00949412 /* Resouce */ = {
			isa = PBXGroup;
			children = (
				F96705161CF4B78B00949412 /* Image */,
			);
			path = Resouce;
			sourceTree = "<group>";
		};
		F96705161CF4B78B00949412 /* Image */ = {
			isa = PBXGroup;
			children = (
			);
			path = Image;
			sourceTree = "<group>";
		};
		F967051B1CF5FA9600949412 /* Model */ = {
			isa = PBXGroup;
			children = (
				F967051C1CF5FA9600949412 /* Domain */,
			);
			path = Model;
			sourceTree = "<group>";
		};
		F967051C1CF5FA9600949412 /* Domain */ = {
			isa = PBXGroup;
			children = (
				F967051D1CF5FB0200949412 /* MBUser.h */,
				F967051E1CF5FB0200949412 /* MBUser.m */,
			);
			path = Domain;
			sourceTree = "<group>";
		};
/* End PBXGroup section */

/* Begin PBXNativeTarget section */
		D1398D681CB3A864007ACB48 /* MemoryBook */ = {
			isa = PBXNativeTarget;
			buildConfigurationList = D1398D801CB3A865007ACB48 /* Build configuration list for PBXNativeTarget "MemoryBook" */;
			buildPhases = (
				D1398D651CB3A864007ACB48 /* Sources */,
				D1398D661CB3A864007ACB48 /* Frameworks */,
				D1398D671CB3A864007ACB48 /* Resources */,
			);
			buildRules = (
			);
			dependencies = (
			);
			name = MemoryBook;
			productName = MemoryBook;
			productReference = D1398D691CB3A864007ACB48 /* MemoryBook.app */;
			productType = "com.apple.product-type.application";
		};
/* End PBXNativeTarget section */

/* Begin PBXProject section */
		D1398D611CB3A864007ACB48 /* Project object */ = {
			isa = PBXProject;
			attributes = {
				LastUpgradeCheck = 0720;
				ORGANIZATIONNAME = "Samson Tseng";
				TargetAttributes = {
					D1398D681CB3A864007ACB48 = {
						CreatedOnToolsVersion = 7.2.1;
						DevelopmentTeam = F4V2F8ZVA8;
					};
				};
			};
			buildConfigurationList = D1398D641CB3A864007ACB48 /* Build configuration list for PBXProject "MemoryBook" */;
			compatibilityVersion = "Xcode 3.2";
			developmentRegion = English;
			hasScannedForEncodings = 0;
			knownRegions = (
				en,
				Base,
			);
			mainGroup = D1398D601CB3A864007ACB48;
			productRefGroup = D1398D6A1CB3A864007ACB48 /* Products */;
			projectDirPath = "";
			projectRoot = "";
			targets = (
				D1398D681CB3A864007ACB48 /* MemoryBook */,
			);
		};
/* End PBXProject section */

/* Begin PBXResourcesBuildPhase section */
		D1398D671CB3A864007ACB48 /* Resources */ = {
			isa = PBXResourcesBuildPhase;
			buildActionMask = 2147483647;
			files = (
				D1398D7C1CB3A864007ACB48 /* LaunchScreen.storyboard in Resources */,
				D1398D791CB3A864007ACB48 /* Assets.xcassets in Resources */,
				D1398D771CB3A864007ACB48 /* Main.storyboard in Resources */,
			);
			runOnlyForDeploymentPostprocessing = 0;
		};
/* End PBXResourcesBuildPhase section */

/* Begin PBXSourcesBuildPhase section */
		D1398D651CB3A864007ACB48 /* Sources */ = {
			isa = PBXSourcesBuildPhase;
			buildActionMask = 2147483647;
			files = (
				D1398D741CB3A864007ACB48 /* ViewController.m in Sources */,
				D1398D711CB3A864007ACB48 /* AppDelegate.m in Sources */,
				D1398D6E1CB3A864007ACB48 /* main.m in Sources */,
				F96705191CF4B80000949412 /* ArrayHelper.m in Sources */,
				F967051F1CF5FB0200949412 /* MBUser.m in Sources */,
			);
			runOnlyForDeploymentPostprocessing = 0;
		};
/* End PBXSourcesBuildPhase section */

/* Begin PBXVariantGroup section */
		D1398D751CB3A864007ACB48 /* Main.storyboard */ = {
			isa = PBXVariantGroup;
			children = (
				D1398D761CB3A864007ACB48 /* Base */,
			);
			name = Main.storyboard;
			sourceTree = "<group>";
		};
		D1398D7A1CB3A864007ACB48 /* LaunchScreen.storyboard */ = {
			isa = PBXVariantGroup;
			children = (
				D1398D7B1CB3A864007ACB48 /* Base */,
			);
			name = LaunchScreen.storyboard;
			sourceTree = "<group>";
		};
/* End PBXVariantGroup section */

/* Begin XCBuildConfiguration section */
		D1398D7E1CB3A865007ACB48 /* Debug */ = {
			isa = XCBuildConfiguration;
			buildSettings = {
				ALWAYS_SEARCH_USER_PATHS = NO;
				CLANG_CXX_LANGUAGE_STANDARD = "gnu++0x";
				CLANG_CXX_LIBRARY = "libc++";
				CLANG_ENABLE_MODULES = YES;
				CLANG_ENABLE_OBJC_ARC = YES;
				CLANG_WARN_BOOL_CONVERSION = YES;
				CLANG_WARN_CONSTANT_CONVERSION = YES;
				CLANG_WARN_DIRECT_OBJC_ISA_USAGE = YES_ERROR;
				CLANG_WARN_EMPTY_BODY = YES;
				CLANG_WARN_ENUM_CONVERSION = YES;
				CLANG_WARN_INT_CONVERSION = YES;
				CLANG_WARN_OBJC_ROOT_CLASS = YES_ERROR;
				CLANG_WARN_UNREACHABLE_CODE = YES;
				CLANG_WARN__DUPLICATE_METHOD_MATCH = YES;
				"CODE_SIGN_IDENTITY[sdk=iphoneos*]" = "iPhone Developer";
				COPY_PHASE_STRIP = NO;
				DEBUG_INFORMATION_FORMAT = dwarf;
				ENABLE_STRICT_OBJC_MSGSEND = YES;
				ENABLE_TESTABILITY = YES;
				GCC_C_LANGUAGE_STANDARD = gnu99;
				GCC_DYNAMIC_NO_PIC = NO;
				GCC_NO_COMMON_BLOCKS = YES;
				GCC_OPTIMIZATION_LEVEL = 0;
				GCC_PREPROCESSOR_DEFINITIONS = (
					"DEBUG=1",
					"$(inherited)",
				);
				GCC_WARN_64_TO_32_BIT_CONVERSION = YES;
				GCC_WARN_ABOUT_RETURN_TYPE = YES_ERROR;
				GCC_WARN_UNDECLARED_SELECTOR = YES;
				GCC_WARN_UNINITIALIZED_AUTOS = YES_AGGRESSIVE;
				GCC_WARN_UNUSED_FUNCTION = YES;
				GCC_WARN_UNUSED_VARIABLE = YES;
				IPHONEOS_DEPLOYMENT_TARGET = 9.2;
				MTL_ENABLE_DEBUG_INFO = YES;
				ONLY_ACTIVE_ARCH = YES;
				SDKROOT = iphoneos;
			};
			name = Debug;
		};
		D1398D7F1CB3A865007ACB48 /* Release */ = {
			isa = XCBuildConfiguration;
			buildSettings = {
				ALWAYS_SEARCH_USER_PATHS = NO;
				CLANG_CXX_LANGUAGE_STANDARD = "gnu++0x";
				CLANG_CXX_LIBRARY = "libc++";
				CLANG_ENABLE_MODULES = YES;
				CLANG_ENABLE_OBJC_ARC = YES;
				CLANG_WARN_BOOL_CONVERSION = YES;
				CLANG_WARN_CONSTANT_CONVERSION = YES;
				CLANG_WARN_DIRECT_OBJC_ISA_USAGE = YES_ERROR;
				CLANG_WARN_EMPTY_BODY = YES;
				CLANG_WARN_ENUM_CONVERSION = YES;
				CLANG_WARN_INT_CONVERSION = YES;
				CLANG_WARN_OBJC_ROOT_CLASS = YES_ERROR;
				CLANG_WARN_UNREACHABLE_CODE = YES;
				CLANG_WARN__DUPLICATE_METHOD_MATCH = YES;
				"CODE_SIGN_IDENTITY[sdk=iphoneos*]" = "iPhone Developer";
				COPY_PHASE_STRIP = NO;
				DEBUG_INFORMATION_FORMAT = "dwarf-with-dsym";
				ENABLE_NS_ASSERTIONS = NO;
				ENABLE_STRICT_OBJC_MSGSEND = YES;
				GCC_C_LANGUAGE_STANDARD = gnu99;
				GCC_NO_COMMON_BLOCKS = YES;
				GCC_WARN_64_TO_32_BIT_CONVERSION = YES;
				GCC_WARN_ABOUT_RETURN_TYPE = YES_ERROR;
				GCC_WARN_UNDECLARED_SELECTOR = YES;
				GCC_WARN_UNINITIALIZED_AUTOS = YES_AGGRESSIVE;
				GCC_WARN_UNUSED_FUNCTION = YES;
				GCC_WARN_UNUSED_VARIABLE = YES;
				IPHONEOS_DEPLOYMENT_TARGET = 9.2;
				MTL_ENABLE_DEBUG_INFO = NO;
				SDKROOT = iphoneos;
				VALIDATE_PRODUCT = YES;
			};
			name = Release;
		};
		D1398D811CB3A865007ACB48 /* Debug */ = {
			isa = XCBuildConfiguration;
			buildSettings = {
				ASSETCATALOG_COMPILER_APPICON_NAME = AppIcon;
				INFOPLIST_FILE = MemoryBook/Info.plist;
				IPHONEOS_DEPLOYMENT_TARGET = 7.0;
				LD_RUNPATH_SEARCH_PATHS = "$(inherited) @executable_path/Frameworks";
				PRODUCT_BUNDLE_IDENTIFIER = com.xinyue.MemoryBook;
				PRODUCT_NAME = "$(TARGET_NAME)";
			};
			name = Debug;
		};
		D1398D821CB3A865007ACB48 /* Release */ = {
			isa = XCBuildConfiguration;
			buildSettings = {
				ASSETCATALOG_COMPILER_APPICON_NAME = AppIcon;
				INFOPLIST_FILE = MemoryBook/Info.plist;
				IPHONEOS_DEPLOYMENT_TARGET = 7.0;
				LD_RUNPATH_SEARCH_PATHS = "$(inherited) @executable_path/Frameworks";
				PRODUCT_BUNDLE_IDENTIFIER = com.xinyue.MemoryBook;
				PRODUCT_NAME = "$(TARGET_NAME)";
			};
			name = Release;
		};
/* End XCBuildConfiguration section */

/* Begin XCConfigurationList section */
		D1398D641CB3A864007ACB48 /* Build configuration list for PBXProject "MemoryBook" */ = {
			isa = XCConfigurationList;
			buildConfigurations = (
				D1398D7E1CB3A865007ACB48 /* Debug */,
				D1398D7F1CB3A865007ACB48 /* Release */,
			);
			defaultConfigurationIsVisible = 0;
			defaultConfigurationName = Release;
		};
		D1398D801CB3A865007ACB48 /* Build configuration list for PBXNativeTarget "MemoryBook" */ = {
			isa = XCConfigurationList;
			buildConfigurations = (
				D1398D811CB3A865007ACB48 /* Debug */,
				D1398D821CB3A865007ACB48 /* Release */,
			);
			defaultConfigurationIsVisible = 0;
			defaultConfigurationName = Release;
		};
/* End XCConfigurationList section */
	};
	rootObject = D1398D611CB3A864007ACB48 /* Project object */;
}
